
Microsoft Visual Studio Solution File, Format Version 12.00
# Visual Studio 15
VisualStudioVersion = 15.0.27520.0
MinimumVisualStudioVersion = 10.0.40219.1
Project("{9A19103F-16F7-4668-BE54-9A1E7A4F7556}") = "TimeZonesVue", "TimeZonesVue.csproj", "{8B5239CC-C755-4AB6-9014-228F1C082AEB}"
EndProject
Global
	GlobalSection(SolutionConfigurationPlatforms) = preSolution
		Debug|Any CPU = Debug|Any CPU
		Release|Any CPU = Release|Any CPU
	EndGlobalSection
	GlobalSection(ProjectConfigurationPlatforms) = postSolution
		{8B5239CC-C755-4AB6-9014-228F1C082AEB}.Debug|Any CPU.ActiveCfg = Debug|Any CPU
		{8B5239CC-C755-4AB6-9014-228F1C082AEB}.Debug|Any CPU.Build.0 = Debug|Any CPU
		{8B5239CC-C755-4AB6-9014-228F1C082AEB}.Release|Any CPU.ActiveCfg = Release|Any CPU
		{8B5239CC-C755-4AB6-9014-228F1C082AEB}.Release|Any CPU.Build.0 = Release|Any CPU
	EndGlobalSection
	GlobalSection(SolutionProperties) = preSolution
		HideSolutionNode = FALSE
	EndGlobalSection
	GlobalSection(ExtensibilityGlobals) = postSolution
		SolutionGuid = {51A5466D-14A7-4465-ACF6-88F75988B809}
	EndGlobalSection
EndGlobal
